{
    "_meta": {
        "hash": {
            "sha256": "c9f0b84780f6c289932c9931e86a02a4baa39c7ed8dd1c8da6795b0e47b7bb5c"
        },
        "pipfile-spec": 6,
        "requires": {
            "python_version": "3.6"
        },
        "sources": [
            {
                "name": "pypi",
                "url": "https://pypi.org/simple",
                "verify_ssl": true
            }
        ]
    },
    "default": {
        "yattag": {
            "hashes": [
                "sha256:0a3fe7fcbdd5886ebe4ef6c215627599bb13e93a8bc26d3e48789b02e5ddc5dc"
            ],
            "index": "pypi",
            "version": "==1.10.0"
        }
    },
    "develop": {}
}
